
Microsoft Visual Studio Solution File, Format Version 12.00
# Visual Studio Version 17
VisualStudioVersion = 17.0.31912.275
MinimumVisualStudioVersion = 10.0.40219.1
Project("{FAE04EC0-301F-11D3-BF4B-00C04F79EFBC}") = "Excel", "Excel\Excel.csproj", "{2943FE73-4CF4-4B14-93A0-6F9A7BEA61F6}"
EndProject
Global
	GlobalSection(SolutionConfigurationPlatforms) = preSolution
		Debug|Any CPU = Debug|Any CPU
		Release|Any CPU = Release|Any CPU
	EndGlobalSection
	GlobalSection(ProjectConfigurationPlatforms) = postSolution
		{2943FE73-4CF4-4B14-93A0-6F9A7BEA61F6}.Debug|Any CPU.ActiveCfg = Debug|Any CPU
		{2943FE73-4CF4-4B14-93A0-6F9A7BEA61F6}.Debug|Any CPU.Build.0 = Debug|Any CPU
		{2943FE73-4CF4-4B14-93A0-6F9A7BEA61F6}.Release|Any CPU.ActiveCfg = Release|Any CPU
		{2943FE73-4CF4-4B14-93A0-6F9A7BEA61F6}.Release|Any CPU.Build.0 = Release|Any CPU
	EndGlobalSection
	GlobalSection(SolutionProperties) = preSolution
		HideSolutionNode = FALSE
	EndGlobalSection
	GlobalSection(ExtensibilityGlobals) = postSolution
		SolutionGuid = {7A885D40-8E5D-4B19-BD19-E3B1473E8DC2}
	EndGlobalSection
EndGlobal
