
Microsoft Visual Studio Solution File, Format Version 12.00
# Visual Studio Version 17
VisualStudioVersion = 17.0.31912.275
MinimumVisualStudioVersion = 10.0.40219.1
Project("{FAE04EC0-301F-11D3-BF4B-00C04F79EFBC}") = "Project_Webszolgáltatás", "Project_Webszolgáltatás\Project_Webszolgáltatás.csproj", "{28E31098-1DF3-4A22-B109-8D094BBF5923}"
EndProject
Global
	GlobalSection(SolutionConfigurationPlatforms) = preSolution
		Debug|Any CPU = Debug|Any CPU
		Release|Any CPU = Release|Any CPU
	EndGlobalSection
	GlobalSection(ProjectConfigurationPlatforms) = postSolution
		{28E31098-1DF3-4A22-B109-8D094BBF5923}.Debug|Any CPU.ActiveCfg = Debug|Any CPU
		{28E31098-1DF3-4A22-B109-8D094BBF5923}.Debug|Any CPU.Build.0 = Debug|Any CPU
		{28E31098-1DF3-4A22-B109-8D094BBF5923}.Release|Any CPU.ActiveCfg = Release|Any CPU
		{28E31098-1DF3-4A22-B109-8D094BBF5923}.Release|Any CPU.Build.0 = Release|Any CPU
	EndGlobalSection
	GlobalSection(SolutionProperties) = preSolution
		HideSolutionNode = FALSE
	EndGlobalSection
	GlobalSection(ExtensibilityGlobals) = postSolution
		SolutionGuid = {1871F326-23F5-4D9B-886B-34F258FE61A7}
	EndGlobalSection
EndGlobal
