
Microsoft Visual Studio Solution File, Format Version 12.00
# Visual Studio Version 17
VisualStudioVersion = 17.0.31912.275
MinimumVisualStudioVersion = 10.0.40219.1
Project("{FAE04EC0-301F-11D3-BF4B-00C04F79EFBC}") = "Project_VaR", "Project_VaR\Project_VaR.csproj", "{EB2E38C5-E8DA-4AB9-B94C-EEA343DBDC43}"
EndProject
Global
	GlobalSection(SolutionConfigurationPlatforms) = preSolution
		Debug|Any CPU = Debug|Any CPU
		Release|Any CPU = Release|Any CPU
	EndGlobalSection
	GlobalSection(ProjectConfigurationPlatforms) = postSolution
		{EB2E38C5-E8DA-4AB9-B94C-EEA343DBDC43}.Debug|Any CPU.ActiveCfg = Debug|Any CPU
		{EB2E38C5-E8DA-4AB9-B94C-EEA343DBDC43}.Debug|Any CPU.Build.0 = Debug|Any CPU
		{EB2E38C5-E8DA-4AB9-B94C-EEA343DBDC43}.Release|Any CPU.ActiveCfg = Release|Any CPU
		{EB2E38C5-E8DA-4AB9-B94C-EEA343DBDC43}.Release|Any CPU.Build.0 = Release|Any CPU
	EndGlobalSection
	GlobalSection(SolutionProperties) = preSolution
		HideSolutionNode = FALSE
	EndGlobalSection
	GlobalSection(ExtensibilityGlobals) = postSolution
		SolutionGuid = {BD131660-EC8F-4B2F-9FE8-E03DE6E3F846}
	EndGlobalSection
EndGlobal
