
Microsoft Visual Studio Solution File, Format Version 12.00
# Visual Studio Version 17
VisualStudioVersion = 17.0.31912.275
MinimumVisualStudioVersion = 10.0.40219.1
Project("{FAE04EC0-301F-11D3-BF4B-00C04F79EFBC}") = "Project_Mikroszimuláció2", "Project_Mikroszimuláció2\Project_Mikroszimuláció2.csproj", "{D0BDBF73-4EF0-4F78-8137-33B8866DDD2E}"
EndProject
Global
	GlobalSection(SolutionConfigurationPlatforms) = preSolution
		Debug|Any CPU = Debug|Any CPU
		Release|Any CPU = Release|Any CPU
	EndGlobalSection
	GlobalSection(ProjectConfigurationPlatforms) = postSolution
		{D0BDBF73-4EF0-4F78-8137-33B8866DDD2E}.Debug|Any CPU.ActiveCfg = Debug|Any CPU
		{D0BDBF73-4EF0-4F78-8137-33B8866DDD2E}.Debug|Any CPU.Build.0 = Debug|Any CPU
		{D0BDBF73-4EF0-4F78-8137-33B8866DDD2E}.Release|Any CPU.ActiveCfg = Release|Any CPU
		{D0BDBF73-4EF0-4F78-8137-33B8866DDD2E}.Release|Any CPU.Build.0 = Release|Any CPU
	EndGlobalSection
	GlobalSection(SolutionProperties) = preSolution
		HideSolutionNode = FALSE
	EndGlobalSection
	GlobalSection(ExtensibilityGlobals) = postSolution
		SolutionGuid = {E3D938CC-6C69-42AC-9515-95936BBE2298}
	EndGlobalSection
EndGlobal
